// !$*UTF8*$!
{
	archiveVersion = 1;
	classes = {
	};
	objectVersion = 55;
	objects = {

/* Begin PBXBuildFile section */
		149A67A4F86A2C1B6D5D1A7F /* Pods_SwiftUi_PracticeTests.framework in Frameworks */ = {isa = PBXBuildFile; fileRef = 435E56490F7917C3C354E803 /* Pods_SwiftUi_PracticeTests.framework */; };
		18344E9028A2743C00A59DE0 /* SwiftUi_PracticeApp.swift in Sources */ = {isa = PBXBuildFile; fileRef = 18344E8F28A2743C00A59DE0 /* SwiftUi_PracticeApp.swift */; };
		18344E9228A2743C00A59DE0 /* ContentView.swift in Sources */ = {isa = PBXBuildFile; fileRef = 18344E9128A2743C00A59DE0 /* ContentView.swift */; };
		18344E9428A2743F00A59DE0 /* Assets.xcassets in Resources */ = {isa = PBXBuildFile; fileRef = 18344E9328A2743F00A59DE0 /* Assets.xcassets */; };
		18344E9728A2743F00A59DE0 /* Preview Assets.xcassets in Resources */ = {isa = PBXBuildFile; fileRef = 18344E9628A2743F00A59DE0 /* Preview Assets.xcassets */; };
		18344EA128A2743F00A59DE0 /* SwiftUi_PracticeTests.swift in Sources */ = {isa = PBXBuildFile; fileRef = 18344EA028A2743F00A59DE0 /* SwiftUi_PracticeTests.swift */; };
		18344EAB28A2743F00A59DE0 /* SwiftUi_PracticeUITests.swift in Sources */ = {isa = PBXBuildFile; fileRef = 18344EAA28A2743F00A59DE0 /* SwiftUi_PracticeUITests.swift */; };
		18344EAD28A2743F00A59DE0 /* SwiftUi_PracticeUITestsLaunchTests.swift in Sources */ = {isa = PBXBuildFile; fileRef = 18344EAC28A2743F00A59DE0 /* SwiftUi_PracticeUITestsLaunchTests.swift */; };
		18344EBA28A28A7700A59DE0 /* SwiftUIView1.swift in Sources */ = {isa = PBXBuildFile; fileRef = 18344EB928A28A7700A59DE0 /* SwiftUIView1.swift */; };
		183AD53428AB860D006FADFD /* SwiftUIView5.swift in Sources */ = {isa = PBXBuildFile; fileRef = 183AD53328AB860D006FADFD /* SwiftUIView5.swift */; };
		183AD53628AB9BE1006FADFD /* Initializer.swift in Sources */ = {isa = PBXBuildFile; fileRef = 183AD53528AB9BE1006FADFD /* Initializer.swift */; };
		18A66E1928A3E33300B163AC /* SwiftUIView3.swift in Sources */ = {isa = PBXBuildFile; fileRef = 18A66E1828A3E33300B163AC /* SwiftUIView3.swift */; };
		18A66E1B28A4D65D00B163AC /* SwiftUIView4.swift in Sources */ = {isa = PBXBuildFile; fileRef = 18A66E1A28A4D65D00B163AC /* SwiftUIView4.swift */; };
		18AA06B128A8ED0E0039B3E5 /* model.swift in Sources */ = {isa = PBXBuildFile; fileRef = 18AA06B028A8ED0E0039B3E5 /* model.swift */; };
		1DA7182500B9868AAA9541F1 /* Pods_SwiftUi_Practice_SwiftUi_PracticeUITests.framework in Frameworks */ = {isa = PBXBuildFile; fileRef = 2F89F2209EDAED43E50AB28B /* Pods_SwiftUi_Practice_SwiftUi_PracticeUITests.framework */; };
		7238167E200D76A5D06188F9 /* Pods_SwiftUi_Practice.framework in Frameworks */ = {isa = PBXBuildFile; fileRef = B2B2B79CF0BD40DB3174ED34 /* Pods_SwiftUi_Practice.framework */; };
/* End PBXBuildFile section */

/* Begin PBXContainerItemProxy section */
		18344E9D28A2743F00A59DE0 /* PBXContainerItemProxy */ = {
			isa = PBXContainerItemProxy;
			containerPortal = 18344E8428A2743B00A59DE0 /* Project object */;
			proxyType = 1;
			remoteGlobalIDString = 18344E8B28A2743C00A59DE0;
			remoteInfo = "SwiftUi Practice";
		};
		18344EA728A2743F00A59DE0 /* PBXContainerItemProxy */ = {
			isa = PBXContainerItemProxy;
			containerPortal = 18344E8428A2743B00A59DE0 /* Project object */;
			proxyType = 1;
			remoteGlobalIDString = 18344E8B28A2743C00A59DE0;
			remoteInfo = "SwiftUi Practice";
		};
/* End PBXContainerItemProxy section */

/* Begin PBXFileReference section */
		18344E8C28A2743C00A59DE0 /* SwiftUi Practice.app */ = {isa = PBXFileReference; explicitFileType = wrapper.application; includeInIndex = 0; path = "SwiftUi Practice.app"; sourceTree = BUILT_PRODUCTS_DIR; };
		18344E8F28A2743C00A59DE0 /* SwiftUi_PracticeApp.swift */ = {isa = PBXFileReference; lastKnownFileType = sourcecode.swift; path = SwiftUi_PracticeApp.swift; sourceTree = "<group>"; };
		18344E9128A2743C00A59DE0 /* ContentView.swift */ = {isa = PBXFileReference; lastKnownFileType = sourcecode.swift; path = ContentView.swift; sourceTree = "<group>"; };
		18344E9328A2743F00A59DE0 /* Assets.xcassets */ = {isa = PBXFileReference; lastKnownFileType = folder.assetcatalog; path = Assets.xcassets; sourceTree = "<group>"; };
		18344E9628A2743F00A59DE0 /* Preview Assets.xcassets */ = {isa = PBXFileReference; lastKnownFileType = folder.assetcatalog; path = "Preview Assets.xcassets"; sourceTree = "<group>"; };
		18344E9C28A2743F00A59DE0 /* SwiftUi PracticeTests.xctest */ = {isa = PBXFileReference; explicitFileType = wrapper.cfbundle; includeInIndex = 0; path = "SwiftUi PracticeTests.xctest"; sourceTree = BUILT_PRODUCTS_DIR; };
		18344EA028A2743F00A59DE0 /* SwiftUi_PracticeTests.swift */ = {isa = PBXFileReference; lastKnownFileType = sourcecode.swift; path = SwiftUi_PracticeTests.swift; sourceTree = "<group>"; };
		18344EA628A2743F00A59DE0 /* SwiftUi PracticeUITests.xctest */ = {isa = PBXFileReference; explicitFileType = wrapper.cfbundle; includeInIndex = 0; path = "SwiftUi PracticeUITests.xctest"; sourceTree = BUILT_PRODUCTS_DIR; };
		18344EAA28A2743F00A59DE0 /* SwiftUi_PracticeUITests.swift */ = {isa = PBXFileReference; lastKnownFileType = sourcecode.swift; path = SwiftUi_PracticeUITests.swift; sourceTree = "<group>"; };
		18344EAC28A2743F00A59DE0 /* SwiftUi_PracticeUITestsLaunchTests.swift */ = {isa = PBXFileReference; lastKnownFileType = sourcecode.swift; path = SwiftUi_PracticeUITestsLaunchTests.swift; sourceTree = "<group>"; };
		18344EB928A28A7700A59DE0 /* SwiftUIView1.swift */ = {isa = PBXFileReference; lastKnownFileType = sourcecode.swift; path = SwiftUIView1.swift; sourceTree = "<group>"; };
		183AD53328AB860D006FADFD /* SwiftUIView5.swift */ = {isa = PBXFileReference; lastKnownFileType = sourcecode.swift; path = SwiftUIView5.swift; sourceTree = "<group>"; };
		183AD53528AB9BE1006FADFD /* Initializer.swift */ = {isa = PBXFileReference; lastKnownFileType = sourcecode.swift; path = Initializer.swift; sourceTree = "<group>"; };
		18A66E1828A3E33300B163AC /* SwiftUIView3.swift */ = {isa = PBXFileReference; lastKnownFileType = sourcecode.swift; path = SwiftUIView3.swift; sourceTree = "<group>"; };
		18A66E1A28A4D65D00B163AC /* SwiftUIView4.swift */ = {isa = PBXFileReference; lastKnownFileType = sourcecode.swift; path = SwiftUIView4.swift; sourceTree = "<group>"; };
		18AA06B028A8ED0E0039B3E5 /* model.swift */ = {isa = PBXFileReference; lastKnownFileType = sourcecode.swift; path = model.swift; sourceTree = "<group>"; };
		2F89F2209EDAED43E50AB28B /* Pods_SwiftUi_Practice_SwiftUi_PracticeUITests.framework */ = {isa = PBXFileReference; explicitFileType = wrapper.framework; includeInIndex = 0; path = Pods_SwiftUi_Practice_SwiftUi_PracticeUITests.framework; sourceTree = BUILT_PRODUCTS_DIR; };
		435E56490F7917C3C354E803 /* Pods_SwiftUi_PracticeTests.framework */ = {isa = PBXFileReference; explicitFileType = wrapper.framework; includeInIndex = 0; path = Pods_SwiftUi_PracticeTests.framework; sourceTree = BUILT_PRODUCTS_DIR; };
		53E2D966B3AEDFCD289441A5 /* Pods-SwiftUi Practice-SwiftUi PracticeUITests.release.xcconfig */ = {isa = PBXFileReference; includeInIndex = 1; lastKnownFileType = text.xcconfig; name = "Pods-SwiftUi Practice-SwiftUi PracticeUITests.release.xcconfig"; path = "Target Support Files/Pods-SwiftUi Practice-SwiftUi PracticeUITests/Pods-SwiftUi Practice-SwiftUi PracticeUITests.release.xcconfig"; sourceTree = "<group>"; };
		54DEB908608B7A6588598229 /* Pods-SwiftUi Practice.debug.xcconfig */ = {isa = PBXFileReference; includeInIndex = 1; lastKnownFileType = text.xcconfig; name = "Pods-SwiftUi Practice.debug.xcconfig"; path = "Target Support Files/Pods-SwiftUi Practice/Pods-SwiftUi Practice.debug.xcconfig"; sourceTree = "<group>"; };
		6395BF88E03AA91D914747F5 /* Pods-SwiftUi PracticeTests.debug.xcconfig */ = {isa = PBXFileReference; includeInIndex = 1; lastKnownFileType = text.xcconfig; name = "Pods-SwiftUi PracticeTests.debug.xcconfig"; path = "Target Support Files/Pods-SwiftUi PracticeTests/Pods-SwiftUi PracticeTests.debug.xcconfig"; sourceTree = "<group>"; };
		99E3824DB5A26FB958AE1F21 /* Pods-SwiftUi Practice-SwiftUi PracticeUITests.debug.xcconfig */ = {isa = PBXFileReference; includeInIndex = 1; lastKnownFileType = text.xcconfig; name = "Pods-SwiftUi Practice-SwiftUi PracticeUITests.debug.xcconfig"; path = "Target Support Files/Pods-SwiftUi Practice-SwiftUi PracticeUITests/Pods-SwiftUi Practice-SwiftUi PracticeUITests.debug.xcconfig"; sourceTree = "<group>"; };
		9A8710FFA76FC967708DA026 /* Pods-SwiftUi PracticeTests.release.xcconfig */ = {isa = PBXFileReference; includeInIndex = 1; lastKnownFileType = text.xcconfig; name = "Pods-SwiftUi PracticeTests.release.xcconfig"; path = "Target Support Files/Pods-SwiftUi PracticeTests/Pods-SwiftUi PracticeTests.release.xcconfig"; sourceTree = "<group>"; };
		B2B2B79CF0BD40DB3174ED34 /* Pods_SwiftUi_Practice.framework */ = {isa = PBXFileReference; explicitFileType = wrapper.framework; includeInIndex = 0; path = Pods_SwiftUi_Practice.framework; sourceTree = BUILT_PRODUCTS_DIR; };
		EC96103D2FF7EA727E0969F9 /* Pods-SwiftUi Practice.release.xcconfig */ = {isa = PBXFileReference; includeInIndex = 1; lastKnownFileType = text.xcconfig; name = "Pods-SwiftUi Practice.release.xcconfig"; path = "Target Support Files/Pods-SwiftUi Practice/Pods-SwiftUi Practice.release.xcconfig"; sourceTree = "<group>"; };
/* End PBXFileReference section */

/* Begin PBXFrameworksBuildPhase section */
		18344E8928A2743C00A59DE0 /* Frameworks */ = {
			isa = PBXFrameworksBuildPhase;
			buildActionMask = 2147483647;
			files = (
				7238167E200D76A5D06188F9 /* Pods_SwiftUi_Practice.framework in Frameworks */,
			);
			runOnlyForDeploymentPostprocessing = 0;
		};
		18344E9928A2743F00A59DE0 /* Frameworks */ = {
			isa = PBXFrameworksBuildPhase;
			buildActionMask = 2147483647;
			files = (
				149A67A4F86A2C1B6D5D1A7F /* Pods_SwiftUi_PracticeTests.framework in Frameworks */,
			);
			runOnlyForDeploymentPostprocessing = 0;
		};
		18344EA328A2743F00A59DE0 /* Frameworks */ = {
			isa = PBXFrameworksBuildPhase;
			buildActionMask = 2147483647;
			files = (
				1DA7182500B9868AAA9541F1 /* Pods_SwiftUi_Practice_SwiftUi_PracticeUITests.framework in Frameworks */,
			);
			runOnlyForDeploymentPostprocessing = 0;
		};
/* End PBXFrameworksBuildPhase section */

/* Begin PBXGroup section */
		14560670E49C265C2725DC0B /* Frameworks */ = {
			isa = PBXGroup;
			children = (
				B2B2B79CF0BD40DB3174ED34 /* Pods_SwiftUi_Practice.framework */,
				2F89F2209EDAED43E50AB28B /* Pods_SwiftUi_Practice_SwiftUi_PracticeUITests.framework */,
				435E56490F7917C3C354E803 /* Pods_SwiftUi_PracticeTests.framework */,
			);
			name = Frameworks;
			sourceTree = "<group>";
		};
		18344E8328A2743B00A59DE0 = {
			isa = PBXGroup;
			children = (
				18344E8E28A2743C00A59DE0 /* SwiftUi Practice */,
				18344E9F28A2743F00A59DE0 /* SwiftUi PracticeTests */,
				18344EA928A2743F00A59DE0 /* SwiftUi PracticeUITests */,
				18344E8D28A2743C00A59DE0 /* Products */,
				3AFB5BF9073D68C193BFD2D8 /* Pods */,
				14560670E49C265C2725DC0B /* Frameworks */,
			);
			sourceTree = "<group>";
		};
		18344E8D28A2743C00A59DE0 /* Products */ = {
			isa = PBXGroup;
			children = (
				18344E8C28A2743C00A59DE0 /* SwiftUi Practice.app */,
				18344E9C28A2743F00A59DE0 /* SwiftUi PracticeTests.xctest */,
				18344EA628A2743F00A59DE0 /* SwiftUi PracticeUITests.xctest */,
			);
			name = Products;
			sourceTree = "<group>";
		};
		18344E8E28A2743C00A59DE0 /* SwiftUi Practice */ = {
			isa = PBXGroup;
			children = (
				18344E8F28A2743C00A59DE0 /* SwiftUi_PracticeApp.swift */,
				18DC8A5C28A395A50005F751 /* Views */,
				18344E9328A2743F00A59DE0 /* Assets.xcassets */,
				18344E9528A2743F00A59DE0 /* Preview Content */,
			);
			path = "SwiftUi Practice";
			sourceTree = "<group>";
		};
		18344E9528A2743F00A59DE0 /* Preview Content */ = {
			isa = PBXGroup;
			children = (
				18344E9628A2743F00A59DE0 /* Preview Assets.xcassets */,
			);
			path = "Preview Content";
			sourceTree = "<group>";
		};
		18344E9F28A2743F00A59DE0 /* SwiftUi PracticeTests */ = {
			isa = PBXGroup;
			children = (
				18344EA028A2743F00A59DE0 /* SwiftUi_PracticeTests.swift */,
			);
			path = "SwiftUi PracticeTests";
			sourceTree = "<group>";
		};
		18344EA928A2743F00A59DE0 /* SwiftUi PracticeUITests */ = {
			isa = PBXGroup;
			children = (
				18344EAA28A2743F00A59DE0 /* SwiftUi_PracticeUITests.swift */,
				18344EAC28A2743F00A59DE0 /* SwiftUi_PracticeUITestsLaunchTests.swift */,
			);
			path = "SwiftUi PracticeUITests";
			sourceTree = "<group>";
		};
		18DC8A5C28A395A50005F751 /* Views */ = {
			isa = PBXGroup;
			children = (
				18344EB928A28A7700A59DE0 /* SwiftUIView1.swift */,
				183AD53328AB860D006FADFD /* SwiftUIView5.swift */,
				18344E9128A2743C00A59DE0 /* ContentView.swift */,
				18AA06B028A8ED0E0039B3E5 /* model.swift */,
				18A66E1828A3E33300B163AC /* SwiftUIView3.swift */,
				183AD53528AB9BE1006FADFD /* Initializer.swift */,
				18A66E1A28A4D65D00B163AC /* SwiftUIView4.swift */,
			);
			path = Views;
			sourceTree = "<group>";
		};
		3AFB5BF9073D68C193BFD2D8 /* Pods */ = {
			isa = PBXGroup;
			children = (
				54DEB908608B7A6588598229 /* Pods-SwiftUi Practice.debug.xcconfig */,
				EC96103D2FF7EA727E0969F9 /* Pods-SwiftUi Practice.release.xcconfig */,
				99E3824DB5A26FB958AE1F21 /* Pods-SwiftUi Practice-SwiftUi PracticeUITests.debug.xcconfig */,
				53E2D966B3AEDFCD289441A5 /* Pods-SwiftUi Practice-SwiftUi PracticeUITests.release.xcconfig */,
				6395BF88E03AA91D914747F5 /* Pods-SwiftUi PracticeTests.debug.xcconfig */,
				9A8710FFA76FC967708DA026 /* Pods-SwiftUi PracticeTests.release.xcconfig */,
			);
			name = Pods;
			path = Pods;
			sourceTree = "<group>";
		};
/* End PBXGroup section */

/* Begin PBXNativeTarget section */
		18344E8B28A2743C00A59DE0 /* SwiftUi Practice */ = {
			isa = PBXNativeTarget;
			buildConfigurationList = 18344EB028A2743F00A59DE0 /* Build configuration list for PBXNativeTarget "SwiftUi Practice" */;
			buildPhases = (
				673A0C9780943C83A0D30FD9 /* [CP] Check Pods Manifest.lock */,
				18344E8828A2743C00A59DE0 /* Sources */,
				18344E8928A2743C00A59DE0 /* Frameworks */,
				18344E8A28A2743C00A59DE0 /* Resources */,
				66A15CB65CE8B1F5739747AC /* [CP] Embed Pods Frameworks */,
				A6829F1C342373E152A11AD0 /* [CP] Copy Pods Resources */,
			);
			buildRules = (
			);
			dependencies = (
			);
			name = "SwiftUi Practice";
			productName = "SwiftUi Practice";
			productReference = 18344E8C28A2743C00A59DE0 /* SwiftUi Practice.app */;
			productType = "com.apple.product-type.application";
		};
		18344E9B28A2743F00A59DE0 /* SwiftUi PracticeTests */ = {
			isa = PBXNativeTarget;
			buildConfigurationList = 18344EB328A2743F00A59DE0 /* Build configuration list for PBXNativeTarget "SwiftUi PracticeTests" */;
			buildPhases = (
				C3FE25A75BA262B1FC3E481A /* [CP] Check Pods Manifest.lock */,
				18344E9828A2743F00A59DE0 /* Sources */,
				18344E9928A2743F00A59DE0 /* Frameworks */,
				18344E9A28A2743F00A59DE0 /* Resources */,
			);
			buildRules = (
			);
			dependencies = (
				18344E9E28A2743F00A59DE0 /* PBXTargetDependency */,
			);
			name = "SwiftUi PracticeTests";
			productName = "SwiftUi PracticeTests";
			productReference = 18344E9C28A2743F00A59DE0 /* SwiftUi PracticeTests.xctest */;
			productType = "com.apple.product-type.bundle.unit-test";
		};
		18344EA528A2743F00A59DE0 /* SwiftUi PracticeUITests */ = {
			isa = PBXNativeTarget;
			buildConfigurationList = 18344EB628A2743F00A59DE0 /* Build configuration list for PBXNativeTarget "SwiftUi PracticeUITests" */;
			buildPhases = (
				2842452FECB7D613D9C72DF4 /* [CP] Check Pods Manifest.lock */,
				18344EA228A2743F00A59DE0 /* Sources */,
				18344EA328A2743F00A59DE0 /* Frameworks */,
				18344EA428A2743F00A59DE0 /* Resources */,
				8D2ABA9EE15D0CAC59F80B52 /* [CP] Embed Pods Frameworks */,
				EF353B3552D639376C3E85E7 /* [CP] Copy Pods Resources */,
			);
			buildRules = (
			);
			dependencies = (
				18344EA828A2743F00A59DE0 /* PBXTargetDependency */,
			);
			name = "SwiftUi PracticeUITests";
			productName = "SwiftUi PracticeUITests";
			productReference = 18344EA628A2743F00A59DE0 /* SwiftUi PracticeUITests.xctest */;
			productType = "com.apple.product-type.bundle.ui-testing";
		};
/* End PBXNativeTarget section */

/* Begin PBXProject section */
		18344E8428A2743B00A59DE0 /* Project object */ = {
			isa = PBXProject;
			attributes = {
				BuildIndependentTargetsInParallel = 1;
				LastSwiftUpdateCheck = 1340;
				LastUpgradeCheck = 1340;
				TargetAttributes = {
					18344E8B28A2743C00A59DE0 = {
						CreatedOnToolsVersion = 13.4.1;
					};
					18344E9B28A2743F00A59DE0 = {
						CreatedOnToolsVersion = 13.4.1;
						TestTargetID = 18344E8B28A2743C00A59DE0;
					};
					18344EA528A2743F00A59DE0 = {
						CreatedOnToolsVersion = 13.4.1;
						TestTargetID = 18344E8B28A2743C00A59DE0;
					};
				};
			};
			buildConfigurationList = 18344E8728A2743B00A59DE0 /* Build configuration list for PBXProject "SwiftUi Practice" */;
			compatibilityVersion = "Xcode 13.0";
			developmentRegion = en;
			hasScannedForEncodings = 0;
			knownRegions = (
				en,
				Base,
			);
			mainGroup = 18344E8328A2743B00A59DE0;
			productRefGroup = 18344E8D28A2743C00A59DE0 /* Products */;
			projectDirPath = "";
			projectRoot = "";
			targets = (
				18344E8B28A2743C00A59DE0 /* SwiftUi Practice */,
				18344E9B28A2743F00A59DE0 /* SwiftUi PracticeTests */,
				18344EA528A2743F00A59DE0 /* SwiftUi PracticeUITests */,
			);
		};
/* End PBXProject section */

/* Begin PBXResourcesBuildPhase section */
		18344E8A28A2743C00A59DE0 /* Resources */ = {
			isa = PBXResourcesBuildPhase;
			buildActionMask = 2147483647;
			files = (
				18344E9728A2743F00A59DE0 /* Preview Assets.xcassets in Resources */,
				18344E9428A2743F00A59DE0 /* Assets.xcassets in Resources */,
			);
			runOnlyForDeploymentPostprocessing = 0;
		};
		18344E9A28A2743F00A59DE0 /* Resources */ = {
			isa = PBXResourcesBuildPhase;
			buildActionMask = 2147483647;
			files = (
			);
			runOnlyForDeploymentPostprocessing = 0;
		};
		18344EA428A2743F00A59DE0 /* Resources */ = {
			isa = PBXResourcesBuildPhase;
			buildActionMask = 2147483647;
			files = (
			);
			runOnlyForDeploymentPostprocessing = 0;
		};
/* End PBXResourcesBuildPhase section */

/* Begin PBXShellScriptBuildPhase section */
		2842452FECB7D613D9C72DF4 /* [CP] Check Pods Manifest.lock */ = {
			isa = PBXShellScriptBuildPhase;
			buildActionMask = 2147483647;
			files = (
			);
			inputFileListPaths = (
			);
			inputPaths = (
				"${PODS_PODFILE_DIR_PATH}/Podfile.lock",
				"${PODS_ROOT}/Manifest.lock",
			);
			name = "[CP] Check Pods Manifest.lock";
			outputFileListPaths = (
			);
			outputPaths = (
				"$(DERIVED_FILE_DIR)/Pods-SwiftUi Practice-SwiftUi PracticeUITests-checkManifestLockResult.txt",
			);
			runOnlyForDeploymentPostprocessing = 0;
			shellPath = /bin/sh;
			shellScript = "diff \"${PODS_PODFILE_DIR_PATH}/Podfile.lock\" \"${PODS_ROOT}/Manifest.lock\" > /dev/null\nif [ $? != 0 ] ; then\n    # print error to STDERR\n    echo \"error: The sandbox is not in sync with the Podfile.lock. Run 'pod install' or update your CocoaPods installation.\" >&2\n    exit 1\nfi\n# This output is used by Xcode 'outputs' to avoid re-running this script phase.\necho \"SUCCESS\" > \"${SCRIPT_OUTPUT_FILE_0}\"\n";
			showEnvVarsInLog = 0;
		};
		66A15CB65CE8B1F5739747AC /* [CP] Embed Pods Frameworks */ = {
			isa = PBXShellScriptBuildPhase;
			buildActionMask = 2147483647;
			files = (
			);
			inputFileListPaths = (
				"${PODS_ROOT}/Target Support Files/Pods-SwiftUi Practice/Pods-SwiftUi Practice-frameworks-${CONFIGURATION}-input-files.xcfilelist",
			);
			name = "[CP] Embed Pods Frameworks";
			outputFileListPaths = (
				"${PODS_ROOT}/Target Support Files/Pods-SwiftUi Practice/Pods-SwiftUi Practice-frameworks-${CONFIGURATION}-output-files.xcfilelist",
			);
			runOnlyForDeploymentPostprocessing = 0;
			shellPath = /bin/sh;
			shellScript = "\"${PODS_ROOT}/Target Support Files/Pods-SwiftUi Practice/Pods-SwiftUi Practice-frameworks.sh\"\n";
			showEnvVarsInLog = 0;
		};
		673A0C9780943C83A0D30FD9 /* [CP] Check Pods Manifest.lock */ = {
			isa = PBXShellScriptBuildPhase;
			buildActionMask = 2147483647;
			files = (
			);
			inputFileListPaths = (
			);
			inputPaths = (
				"${PODS_PODFILE_DIR_PATH}/Podfile.lock",
				"${PODS_ROOT}/Manifest.lock",
			);
			name = "[CP] Check Pods Manifest.lock";
			outputFileListPaths = (
			);
			outputPaths = (
				"$(DERIVED_FILE_DIR)/Pods-SwiftUi Practice-checkManifestLockResult.txt",
			);
			runOnlyForDeploymentPostprocessing = 0;
			shellPath = /bin/sh;
			shellScript = "diff \"${PODS_PODFILE_DIR_PATH}/Podfile.lock\" \"${PODS_ROOT}/Manifest.lock\" > /dev/null\nif [ $? != 0 ] ; then\n    # print error to STDERR\n    echo \"error: The sandbox is not in sync with the Podfile.lock. Run 'pod install' or update your CocoaPods installation.\" >&2\n    exit 1\nfi\n# This output is used by Xcode 'outputs' to avoid re-running this script phase.\necho \"SUCCESS\" > \"${SCRIPT_OUTPUT_FILE_0}\"\n";
			showEnvVarsInLog = 0;
		};
		8D2ABA9EE15D0CAC59F80B52 /* [CP] Embed Pods Frameworks */ = {
			isa = PBXShellScriptBuildPhase;
			buildActionMask = 2147483647;
			files = (
			);
			inputFileListPaths = (
				"${PODS_ROOT}/Target Support Files/Pods-SwiftUi Practice-SwiftUi PracticeUITests/Pods-SwiftUi Practice-SwiftUi PracticeUITests-frameworks-${CONFIGURATION}-input-files.xcfilelist",
			);
			name = "[CP] Embed Pods Frameworks";
			outputFileListPaths = (
				"${PODS_ROOT}/Target Support Files/Pods-SwiftUi Practice-SwiftUi PracticeUITests/Pods-SwiftUi Practice-SwiftUi PracticeUITests-frameworks-${CONFIGURATION}-output-files.xcfilelist",
			);
			runOnlyForDeploymentPostprocessing = 0;
			shellPath = /bin/sh;
			shellScript = "\"${PODS_ROOT}/Target Support Files/Pods-SwiftUi Practice-SwiftUi PracticeUITests/Pods-SwiftUi Practice-SwiftUi PracticeUITests-frameworks.sh\"\n";
			showEnvVarsInLog = 0;
		};
		A6829F1C342373E152A11AD0 /* [CP] Copy Pods Resources */ = {
			isa = PBXShellScriptBuildPhase;
			buildActionMask = 2147483647;
			files = (
			);
			inputFileListPaths = (
				"${PODS_ROOT}/Target Support Files/Pods-SwiftUi Practice/Pods-SwiftUi Practice-resources-${CONFIGURATION}-input-files.xcfilelist",
			);
			name = "[CP] Copy Pods Resources";
			outputFileListPaths = (
				"${PODS_ROOT}/Target Support Files/Pods-SwiftUi Practice/Pods-SwiftUi Practice-resources-${CONFIGURATION}-output-files.xcfilelist",
			);
			runOnlyForDeploymentPostprocessing = 0;
			shellPath = /bin/sh;
			shellScript = "\"${PODS_ROOT}/Target Support Files/Pods-SwiftUi Practice/Pods-SwiftUi Practice-resources.sh\"\n";
			showEnvVarsInLog = 0;
		};
		C3FE25A75BA262B1FC3E481A /* [CP] Check Pods Manifest.lock */ = {
			isa = PBXShellScriptBuildPhase;
			buildActionMask = 2147483647;
			files = (
			);
			inputFileListPaths = (
			);
			inputPaths = (
				"${PODS_PODFILE_DIR_PATH}/Podfile.lock",
				"${PODS_ROOT}/Manifest.lock",
			);
			name = "[CP] Check Pods Manifest.lock";
			outputFileListPaths = (
			);
			outputPaths = (
				"$(DERIVED_FILE_DIR)/Pods-SwiftUi PracticeTests-checkManifestLockResult.txt",
			);
			runOnlyForDeploymentPostprocessing = 0;
			shellPath = /bin/sh;
			shellScript = "diff \"${PODS_PODFILE_DIR_PATH}/Podfile.lock\" \"${PODS_ROOT}/Manifest.lock\" > /dev/null\nif [ $? != 0 ] ; then\n    # print error to STDERR\n    echo \"error: The sandbox is not in sync with the Podfile.lock. Run 'pod install' or update your CocoaPods installation.\" >&2\n    exit 1\nfi\n# This output is used by Xcode 'outputs' to avoid re-running this script phase.\necho \"SUCCESS\" > \"${SCRIPT_OUTPUT_FILE_0}\"\n";
			showEnvVarsInLog = 0;
		};
		EF353B3552D639376C3E85E7 /* [CP] Copy Pods Resources */ = {
			isa = PBXShellScriptBuildPhase;
			buildActionMask = 2147483647;
			files = (
			);
			inputFileListPaths = (
				"${PODS_ROOT}/Target Support Files/Pods-SwiftUi Practice-SwiftUi PracticeUITests/Pods-SwiftUi Practice-SwiftUi PracticeUITests-resources-${CONFIGURATION}-input-files.xcfilelist",
			);
			name = "[CP] Copy Pods Resources";
			outputFileListPaths = (
				"${PODS_ROOT}/Target Support Files/Pods-SwiftUi Practice-SwiftUi PracticeUITests/Pods-SwiftUi Practice-SwiftUi PracticeUITests-resources-${CONFIGURATION}-output-files.xcfilelist",
			);
			runOnlyForDeploymentPostprocessing = 0;
			shellPath = /bin/sh;
			shellScript = "\"${PODS_ROOT}/Target Support Files/Pods-SwiftUi Practice-SwiftUi PracticeUITests/Pods-SwiftUi Practice-SwiftUi PracticeUITests-resources.sh\"\n";
			showEnvVarsInLog = 0;
		};
/* End PBXShellScriptBuildPhase section */

/* Begin PBXSourcesBuildPhase section */
		18344E8828A2743C00A59DE0 /* Sources */ = {
			isa = PBXSourcesBuildPhase;
			buildActionMask = 2147483647;
			files = (
				183AD53628AB9BE1006FADFD /* Initializer.swift in Sources */,
				18344E9228A2743C00A59DE0 /* ContentView.swift in Sources */,
				18AA06B128A8ED0E0039B3E5 /* model.swift in Sources */,
				18A66E1928A3E33300B163AC /* SwiftUIView3.swift in Sources */,
				18A66E1B28A4D65D00B163AC /* SwiftUIView4.swift in Sources */,
				18344E9028A2743C00A59DE0 /* SwiftUi_PracticeApp.swift in Sources */,
				183AD53428AB860D006FADFD /* SwiftUIView5.swift in Sources */,
				18344EBA28A28A7700A59DE0 /* SwiftUIView1.swift in Sources */,
			);
			runOnlyForDeploymentPostprocessing = 0;
		};
		18344E9828A2743F00A59DE0 /* Sources */ = {
			isa = PBXSourcesBuildPhase;
			buildActionMask = 2147483647;
			files = (
				18344EA128A2743F00A59DE0 /* SwiftUi_PracticeTests.swift in Sources */,
			);
			runOnlyForDeploymentPostprocessing = 0;
		};
		18344EA228A2743F00A59DE0 /* Sources */ = {
			isa = PBXSourcesBuildPhase;
			buildActionMask = 2147483647;
			files = (
				18344EAB28A2743F00A59DE0 /* SwiftUi_PracticeUITests.swift in Sources */,
				18344EAD28A2743F00A59DE0 /* SwiftUi_PracticeUITestsLaunchTests.swift in Sources */,
			);
			runOnlyForDeploymentPostprocessing = 0;
		};
/* End PBXSourcesBuildPhase section */

/* Begin PBXTargetDependency section */
		18344E9E28A2743F00A59DE0 /* PBXTargetDependency */ = {
			isa = PBXTargetDependency;
			target = 18344E8B28A2743C00A59DE0 /* SwiftUi Practice */;
			targetProxy = 18344E9D28A2743F00A59DE0 /* PBXContainerItemProxy */;
		};
		18344EA828A2743F00A59DE0 /* PBXTargetDependency */ = {
			isa = PBXTargetDependency;
			target = 18344E8B28A2743C00A59DE0 /* SwiftUi Practice */;
			targetProxy = 18344EA728A2743F00A59DE0 /* PBXContainerItemProxy */;
		};
/* End PBXTargetDependency section */

/* Begin XCBuildConfiguration section */
		18344EAE28A2743F00A59DE0 /* Debug */ = {
			isa = XCBuildConfiguration;
			buildSettings = {
				ALWAYS_SEARCH_USER_PATHS = NO;
				CLANG_ANALYZER_NONNULL = YES;
				CLANG_ANALYZER_NUMBER_OBJECT_CONVERSION = YES_AGGRESSIVE;
				CLANG_CXX_LANGUAGE_STANDARD = "gnu++17";
				CLANG_ENABLE_MODULES = YES;
				CLANG_ENABLE_OBJC_ARC = YES;
				CLANG_ENABLE_OBJC_WEAK = YES;
				CLANG_WARN_BLOCK_CAPTURE_AUTORELEASING = YES;
				CLANG_WARN_BOOL_CONVERSION = YES;
				CLANG_WARN_COMMA = YES;
				CLANG_WARN_CONSTANT_CONVERSION = YES;
				CLANG_WARN_DEPRECATED_OBJC_IMPLEMENTATIONS = YES;
				CLANG_WARN_DIRECT_OBJC_ISA_USAGE = YES_ERROR;
				CLANG_WARN_DOCUMENTATION_COMMENTS = YES;
				CLANG_WARN_EMPTY_BODY = YES;
				CLANG_WARN_ENUM_CONVERSION = YES;
				CLANG_WARN_INFINITE_RECURSION = YES;
				CLANG_WARN_INT_CONVERSION = YES;
				CLANG_WARN_NON_LITERAL_NULL_CONVERSION = YES;
				CLANG_WARN_OBJC_IMPLICIT_RETAIN_SELF = YES;
				CLANG_WARN_OBJC_LITERAL_CONVERSION = YES;
				CLANG_WARN_OBJC_ROOT_CLASS = YES_ERROR;
				CLANG_WARN_QUOTED_INCLUDE_IN_FRAMEWORK_HEADER = YES;
				CLANG_WARN_RANGE_LOOP_ANALYSIS = YES;
				CLANG_WARN_STRICT_PROTOTYPES = YES;
				CLANG_WARN_SUSPICIOUS_MOVE = YES;
				CLANG_WARN_UNGUARDED_AVAILABILITY = YES_AGGRESSIVE;
				CLANG_WARN_UNREACHABLE_CODE = YES;
				CLANG_WARN__DUPLICATE_METHOD_MATCH = YES;
				COPY_PHASE_STRIP = NO;
				DEBUG_INFORMATION_FORMAT = dwarf;
				ENABLE_STRICT_OBJC_MSGSEND = YES;
				ENABLE_TESTABILITY = YES;
				GCC_C_LANGUAGE_STANDARD = gnu11;
				GCC_DYNAMIC_NO_PIC = NO;
				GCC_NO_COMMON_BLOCKS = YES;
				GCC_OPTIMIZATION_LEVEL = 0;
				GCC_PREPROCESSOR_DEFINITIONS = (
					"DEBUG=1",
					"$(inherited)",
				);
				GCC_WARN_64_TO_32_BIT_CONVERSION = YES;
				GCC_WARN_ABOUT_RETURN_TYPE = YES_ERROR;
				GCC_WARN_UNDECLARED_SELECTOR = YES;
				GCC_WARN_UNINITIALIZED_AUTOS = YES_AGGRESSIVE;
				GCC_WARN_UNUSED_FUNCTION = YES;
				GCC_WARN_UNUSED_VARIABLE = YES;
				IPHONEOS_DEPLOYMENT_TARGET = 15.5;
				MTL_ENABLE_DEBUG_INFO = INCLUDE_SOURCE;
				MTL_FAST_MATH = YES;
				ONLY_ACTIVE_ARCH = YES;
				SDKROOT = iphoneos;
				SWIFT_ACTIVE_COMPILATION_CONDITIONS = DEBUG;
				SWIFT_OPTIMIZATION_LEVEL = "-Onone";
			};
			name = Debug;
		};
		18344EAF28A2743F00A59DE0 /* Release */ = {
			isa = XCBuildConfiguration;
			buildSettings = {
				ALWAYS_SEARCH_USER_PATHS = NO;
				CLANG_ANALYZER_NONNULL = YES;
				CLANG_ANALYZER_NUMBER_OBJECT_CONVERSION = YES_AGGRESSIVE;
				CLANG_CXX_LANGUAGE_STANDARD = "gnu++17";
				CLANG_ENABLE_MODULES = YES;
				CLANG_ENABLE_OBJC_ARC = YES;
				CLANG_ENABLE_OBJC_WEAK = YES;
				CLANG_WARN_BLOCK_CAPTURE_AUTORELEASING = YES;
				CLANG_WARN_BOOL_CONVERSION = YES;
				CLANG_WARN_COMMA = YES;
				CLANG_WARN_CONSTANT_CONVERSION = YES;
				CLANG_WARN_DEPRECATED_OBJC_IMPLEMENTATIONS = YES;
				CLANG_WARN_DIRECT_OBJC_ISA_USAGE = YES_ERROR;
				CLANG_WARN_DOCUMENTATION_COMMENTS = YES;
				CLANG_WARN_EMPTY_BODY = YES;
				CLANG_WARN_ENUM_CONVERSION = YES;
				CLANG_WARN_INFINITE_RECURSION = YES;
				CLANG_WARN_INT_CONVERSION = YES;
				CLANG_WARN_NON_LITERAL_NULL_CONVERSION = YES;
				CLANG_WARN_OBJC_IMPLICIT_RETAIN_SELF = YES;
				CLANG_WARN_OBJC_LITERAL_CONVERSION = YES;
				CLANG_WARN_OBJC_ROOT_CLASS = YES_ERROR;
				CLANG_WARN_QUOTED_INCLUDE_IN_FRAMEWORK_HEADER = YES;
				CLANG_WARN_RANGE_LOOP_ANALYSIS = YES;
				CLANG_WARN_STRICT_PROTOTYPES = YES;
				CLANG_WARN_SUSPICIOUS_MOVE = YES;
				CLANG_WARN_UNGUARDED_AVAILABILITY = YES_AGGRESSIVE;
				CLANG_WARN_UNREACHABLE_CODE = YES;
				CLANG_WARN__DUPLICATE_METHOD_MATCH = YES;
				COPY_PHASE_STRIP = NO;
				DEBUG_INFORMATION_FORMAT = "dwarf-with-dsym";
				ENABLE_NS_ASSERTIONS = NO;
				ENABLE_STRICT_OBJC_MSGSEND = YES;
				GCC_C_LANGUAGE_STANDARD = gnu11;
				GCC_NO_COMMON_BLOCKS = YES;
				GCC_WARN_64_TO_32_BIT_CONVERSION = YES;
				GCC_WARN_ABOUT_RETURN_TYPE = YES_ERROR;
				GCC_WARN_UNDECLARED_SELECTOR = YES;
				GCC_WARN_UNINITIALIZED_AUTOS = YES_AGGRESSIVE;
				GCC_WARN_UNUSED_FUNCTION = YES;
				GCC_WARN_UNUSED_VARIABLE = YES;
				IPHONEOS_DEPLOYMENT_TARGET = 15.5;
				MTL_ENABLE_DEBUG_INFO = NO;
				MTL_FAST_MATH = YES;
				SDKROOT = iphoneos;
				SWIFT_COMPILATION_MODE = wholemodule;
				SWIFT_OPTIMIZATION_LEVEL = "-O";
				VALIDATE_PRODUCT = YES;
			};
			name = Release;
		};
		18344EB128A2743F00A59DE0 /* Debug */ = {
			isa = XCBuildConfiguration;
			baseConfigurationReference = 54DEB908608B7A6588598229 /* Pods-SwiftUi Practice.debug.xcconfig */;
			buildSettings = {
				ASSETCATALOG_COMPILER_APPICON_NAME = AppIcon;
				ASSETCATALOG_COMPILER_GLOBAL_ACCENT_COLOR_NAME = AccentColor;
				CODE_SIGN_STYLE = Automatic;
				CURRENT_PROJECT_VERSION = 1;
				DEVELOPMENT_ASSET_PATHS = "\"SwiftUi Practice/Preview Content\"";
				ENABLE_PREVIEWS = YES;
				GENERATE_INFOPLIST_FILE = YES;
				INFOPLIST_KEY_UIApplicationSceneManifest_Generation = YES;
				INFOPLIST_KEY_UIApplicationSupportsIndirectInputEvents = YES;
				INFOPLIST_KEY_UILaunchScreen_Generation = YES;
				INFOPLIST_KEY_UISupportedInterfaceOrientations_iPad = "UIInterfaceOrientationPortrait UIInterfaceOrientationPortraitUpsideDown UIInterfaceOrientationLandscapeLeft UIInterfaceOrientationLandscapeRight";
				INFOPLIST_KEY_UISupportedInterfaceOrientations_iPhone = "UIInterfaceOrientationPortrait UIInterfaceOrientationLandscapeLeft UIInterfaceOrientationLandscapeRight";
				LD_RUNPATH_SEARCH_PATHS = (
					"$(inherited)",
					"@executable_path/Frameworks",
				);
				MARKETING_VERSION = 1.0;
				PRODUCT_BUNDLE_IDENTIFIER = "tecOrb.SwiftUi-Practice";
				PRODUCT_NAME = "$(TARGET_NAME)";
				SWIFT_EMIT_LOC_STRINGS = YES;
				SWIFT_VERSION = 5.0;
				TARGETED_DEVICE_FAMILY = "1,2";
			};
			name = Debug;
		};
		18344EB228A2743F00A59DE0 /* Release */ = {
			isa = XCBuildConfiguration;
			baseConfigurationReference = EC96103D2FF7EA727E0969F9 /* Pods-SwiftUi Practice.release.xcconfig */;
			buildSettings = {
				ASSETCATALOG_COMPILER_APPICON_NAME = AppIcon;
				ASSETCATALOG_COMPILER_GLOBAL_ACCENT_COLOR_NAME = AccentColor;
				CODE_SIGN_STYLE = Automatic;
				CURRENT_PROJECT_VERSION = 1;
				DEVELOPMENT_ASSET_PATHS = "\"SwiftUi Practice/Preview Content\"";
				ENABLE_PREVIEWS = YES;
				GENERATE_INFOPLIST_FILE = YES;
				INFOPLIST_KEY_UIApplicationSceneManifest_Generation = YES;
				INFOPLIST_KEY_UIApplicationSupportsIndirectInputEvents = YES;
				INFOPLIST_KEY_UILaunchScreen_Generation = YES;
				INFOPLIST_KEY_UISupportedInterfaceOrientations_iPad = "UIInterfaceOrientationPortrait UIInterfaceOrientationPortraitUpsideDown UIInterfaceOrientationLandscapeLeft UIInterfaceOrientationLandscapeRight";
				INFOPLIST_KEY_UISupportedInterfaceOrientations_iPhone = "UIInterfaceOrientationPortrait UIInterfaceOrientationLandscapeLeft UIInterfaceOrientationLandscapeRight";
				LD_RUNPATH_SEARCH_PATHS = (
					"$(inherited)",
					"@executable_path/Frameworks",
				);
				MARKETING_VERSION = 1.0;
				PRODUCT_BUNDLE_IDENTIFIER = "tecOrb.SwiftUi-Practice";
				PRODUCT_NAME = "$(TARGET_NAME)";
				SWIFT_EMIT_LOC_STRINGS = YES;
				SWIFT_VERSION = 5.0;
				TARGETED_DEVICE_FAMILY = "1,2";
			};
			name = Release;
		};
		18344EB428A2743F00A59DE0 /* Debug */ = {
			isa = XCBuildConfiguration;
			baseConfigurationReference = 6395BF88E03AA91D914747F5 /* Pods-SwiftUi PracticeTests.debug.xcconfig */;
			buildSettings = {
				ALWAYS_EMBED_SWIFT_STANDARD_LIBRARIES = YES;
				BUNDLE_LOADER = "$(TEST_HOST)";
				CODE_SIGN_STYLE = Automatic;
				CURRENT_PROJECT_VERSION = 1;
				GENERATE_INFOPLIST_FILE = YES;
				IPHONEOS_DEPLOYMENT_TARGET = 15.5;
				MARKETING_VERSION = 1.0;
				PRODUCT_BUNDLE_IDENTIFIER = "tecOrb.SwiftUi-PracticeTests";
				PRODUCT_NAME = "$(TARGET_NAME)";
				SWIFT_EMIT_LOC_STRINGS = NO;
				SWIFT_VERSION = 5.0;
				TARGETED_DEVICE_FAMILY = "1,2";
				TEST_HOST = "$(BUILT_PRODUCTS_DIR)/SwiftUi Practice.app/SwiftUi Practice";
			};
			name = Debug;
		};
		18344EB528A2743F00A59DE0 /* Release */ = {
			isa = XCBuildConfiguration;
			baseConfigurationReference = 9A8710FFA76FC967708DA026 /* Pods-SwiftUi PracticeTests.release.xcconfig */;
			buildSettings = {
				ALWAYS_EMBED_SWIFT_STANDARD_LIBRARIES = YES;
				BUNDLE_LOADER = "$(TEST_HOST)";
				CODE_SIGN_STYLE = Automatic;
				CURRENT_PROJECT_VERSION = 1;
				GENERATE_INFOPLIST_FILE = YES;
				IPHONEOS_DEPLOYMENT_TARGET = 15.5;
				MARKETING_VERSION = 1.0;
				PRODUCT_BUNDLE_IDENTIFIER = "tecOrb.SwiftUi-PracticeTests";
				PRODUCT_NAME = "$(TARGET_NAME)";
				SWIFT_EMIT_LOC_STRINGS = NO;
				SWIFT_VERSION = 5.0;
				TARGETED_DEVICE_FAMILY = "1,2";
				TEST_HOST = "$(BUILT_PRODUCTS_DIR)/SwiftUi Practice.app/SwiftUi Practice";
			};
			name = Release;
		};
		18344EB728A2743F00A59DE0 /* Debug */ = {
			isa = XCBuildConfiguration;
			baseConfigurationReference = 99E3824DB5A26FB958AE1F21 /* Pods-SwiftUi Practice-SwiftUi PracticeUITests.debug.xcconfig */;
			buildSettings = {
				ALWAYS_EMBED_SWIFT_STANDARD_LIBRARIES = YES;
				CODE_SIGN_STYLE = Automatic;
				CURRENT_PROJECT_VERSION = 1;
				GENERATE_INFOPLIST_FILE = YES;
				MARKETING_VERSION = 1.0;
				PRODUCT_BUNDLE_IDENTIFIER = "tecOrb.SwiftUi-PracticeUITests";
				PRODUCT_NAME = "$(TARGET_NAME)";
				SWIFT_EMIT_LOC_STRINGS = NO;
				SWIFT_VERSION = 5.0;
				TARGETED_DEVICE_FAMILY = "1,2";
				TEST_TARGET_NAME = "SwiftUi Practice";
			};
			name = Debug;
		};
		18344EB828A2743F00A59DE0 /* Release */ = {
			isa = XCBuildConfiguration;
			baseConfigurationReference = 53E2D966B3AEDFCD289441A5 /* Pods-SwiftUi Practice-SwiftUi PracticeUITests.release.xcconfig */;
			buildSettings = {
				ALWAYS_EMBED_SWIFT_STANDARD_LIBRARIES = YES;
				CODE_SIGN_STYLE = Automatic;
				CURRENT_PROJECT_VERSION = 1;
				GENERATE_INFOPLIST_FILE = YES;
				MARKETING_VERSION = 1.0;
				PRODUCT_BUNDLE_IDENTIFIER = "tecOrb.SwiftUi-PracticeUITests";
				PRODUCT_NAME = "$(TARGET_NAME)";
				SWIFT_EMIT_LOC_STRINGS = NO;
				SWIFT_VERSION = 5.0;
				TARGETED_DEVICE_FAMILY = "1,2";
				TEST_TARGET_NAME = "SwiftUi Practice";
			};
			name = Release;
		};
/* End XCBuildConfiguration section */

/* Begin XCConfigurationList section */
		18344E8728A2743B00A59DE0 /* Build configuration list for PBXProject "SwiftUi Practice" */ = {
			isa = XCConfigurationList;
			buildConfigurations = (
				18344EAE28A2743F00A59DE0 /* Debug */,
				18344EAF28A2743F00A59DE0 /* Release */,
			);
			defaultConfigurationIsVisible = 0;
			defaultConfigurationName = Release;
		};
		18344EB028A2743F00A59DE0 /* Build configuration list for PBXNativeTarget "SwiftUi Practice" */ = {
			isa = XCConfigurationList;
			buildConfigurations = (
				18344EB128A2743F00A59DE0 /* Debug */,
				18344EB228A2743F00A59DE0 /* Release */,
			);
			defaultConfigurationIsVisible = 0;
			defaultConfigurationName = Release;
		};
		18344EB328A2743F00A59DE0 /* Build configuration list for PBXNativeTarget "SwiftUi PracticeTests" */ = {
			isa = XCConfigurationList;
			buildConfigurations = (
				18344EB428A2743F00A59DE0 /* Debug */,
				18344EB528A2743F00A59DE0 /* Release */,
			);
			defaultConfigurationIsVisible = 0;
			defaultConfigurationName = Release;
		};
		18344EB628A2743F00A59DE0 /* Build configuration list for PBXNativeTarget "SwiftUi PracticeUITests" */ = {
			isa = XCConfigurationList;
			buildConfigurations = (
				18344EB728A2743F00A59DE0 /* Debug */,
				18344EB828A2743F00A59DE0 /* Release */,
			);
			defaultConfigurationIsVisible = 0;
			defaultConfigurationName = Release;
		};
/* End XCConfigurationList section */
	};
	rootObject = 18344E8428A2743B00A59DE0 /* Project object */;
}
